
Microsoft Visual Studio Solution File, Format Version 12.00
# Visual Studio 15
VisualStudioVersion = 15.0.33026.149
MinimumVisualStudioVersion = 10.0.40219.1
Project("{FAE04EC0-301F-11D3-BF4B-00C04F79EFBC}") = "PruebasWorker", "PruebasWorker\PruebasWorker.csproj", "{D76DEEDE-14F6-4173-B960-70A88B5653AD}"
EndProject
Global
	GlobalSection(SolutionConfigurationPlatforms) = preSolution
		Debug|Any CPU = Debug|Any CPU
		Release|Any CPU = Release|Any CPU
	EndGlobalSection
	GlobalSection(ProjectConfigurationPlatforms) = postSolution
		{D76DEEDE-14F6-4173-B960-70A88B5653AD}.Debug|Any CPU.ActiveCfg = Debug|Any CPU
		{D76DEEDE-14F6-4173-B960-70A88B5653AD}.Debug|Any CPU.Build.0 = Debug|Any CPU
		{D76DEEDE-14F6-4173-B960-70A88B5653AD}.Release|Any CPU.ActiveCfg = Release|Any CPU
		{D76DEEDE-14F6-4173-B960-70A88B5653AD}.Release|Any CPU.Build.0 = Release|Any CPU
	EndGlobalSection
	GlobalSection(SolutionProperties) = preSolution
		HideSolutionNode = FALSE
	EndGlobalSection
	GlobalSection(ExtensibilityGlobals) = postSolution
		SolutionGuid = {6FF93316-4BBD-43FA-A798-3918D38DEEBB}
	EndGlobalSection
EndGlobal
